
Microsoft Visual Studio Solution File, Format Version 12.00
# Visual Studio Version 17
VisualStudioVersion = 17.5.33424.131
MinimumVisualStudioVersion = 10.0.40219.1
Project("{FAE04EC0-301F-11D3-BF4B-00C04F79EFBC}") = "Core", "Core\Core.csproj", "{BA18F5BB-74E8-4C06-9D7E-921ABB04017D}"
EndProject
Project("{FAE04EC0-301F-11D3-BF4B-00C04F79EFBC}") = "Infrastructure", "Infrastructure\Infrastructure.csproj", "{52C4B83D-DD71-458F-8470-F73C763B8175}"
EndProject
Project("{FAE04EC0-301F-11D3-BF4B-00C04F79EFBC}") = "API", "API\API.csproj", "{C2143645-B9A7-4B1C-91FB-1DF992B34A01}"
EndProject
Global
	GlobalSection(SolutionConfigurationPlatforms) = preSolution
		Debug|Any CPU = Debug|Any CPU
		Release|Any CPU = Release|Any CPU
	EndGlobalSection
	GlobalSection(ProjectConfigurationPlatforms) = postSolution
		{BA18F5BB-74E8-4C06-9D7E-921ABB04017D}.Debug|Any CPU.ActiveCfg = Debug|Any CPU
		{BA18F5BB-74E8-4C06-9D7E-921ABB04017D}.Debug|Any CPU.Build.0 = Debug|Any CPU
		{BA18F5BB-74E8-4C06-9D7E-921ABB04017D}.Release|Any CPU.ActiveCfg = Release|Any CPU
		{BA18F5BB-74E8-4C06-9D7E-921ABB04017D}.Release|Any CPU.Build.0 = Release|Any CPU
		{52C4B83D-DD71-458F-8470-F73C763B8175}.Debug|Any CPU.ActiveCfg = Debug|Any CPU
		{52C4B83D-DD71-458F-8470-F73C763B8175}.Debug|Any CPU.Build.0 = Debug|Any CPU
		{52C4B83D-DD71-458F-8470-F73C763B8175}.Release|Any CPU.ActiveCfg = Release|Any CPU
		{52C4B83D-DD71-458F-8470-F73C763B8175}.Release|Any CPU.Build.0 = Release|Any CPU
		{C2143645-B9A7-4B1C-91FB-1DF992B34A01}.Debug|Any CPU.ActiveCfg = Debug|Any CPU
		{C2143645-B9A7-4B1C-91FB-1DF992B34A01}.Debug|Any CPU.Build.0 = Debug|Any CPU
		{C2143645-B9A7-4B1C-91FB-1DF992B34A01}.Release|Any CPU.ActiveCfg = Release|Any CPU
		{C2143645-B9A7-4B1C-91FB-1DF992B34A01}.Release|Any CPU.Build.0 = Release|Any CPU
	EndGlobalSection
	GlobalSection(SolutionProperties) = preSolution
		HideSolutionNode = FALSE
	EndGlobalSection
	GlobalSection(ExtensibilityGlobals) = postSolution
		SolutionGuid = {0F5B269E-68DD-4C92-AA61-978E04BBE679}
	EndGlobalSection
EndGlobal
